{
  "name": "object-hash-light",
  "version": "1.1.2",
  "lockfileVersion": 2,
  "requires": true,
  "packages": {
    "": {
      "version": "1.1.2",
      "license": "ISC",
      "devDependencies": {
        "@types/node": "^16.7.4"
      }
    },
    "node_modules/@types/node": {
      "version": "16.7.4",
      "resolved": "https://registry.npmjs.org/@types/node/-/node-16.7.4.tgz",
      "integrity": "sha512-25QXpDsTiDnl2rZGUenagVMwO46way8dOUdvoC3R3p+6TrbpxeJBo/v87BEG1IHI31Jhaa8lPeSHcqwxsVBeYQ==",
      "dev": true
    }
  },
  "dependencies": {
    "@types/node": {
      "version": "16.7.4",
      "resolved": "https://registry.npmjs.org/@types/node/-/node-16.7.4.tgz",
      "integrity": "sha512-25QXpDsTiDnl2rZGUenagVMwO46way8dOUdvoC3R3p+6TrbpxeJBo/v87BEG1IHI31Jhaa8lPeSHcqwxsVBeYQ==",
      "dev": true
    }
  }
}
